{
  "name": "shotgun-cli",
  "version": "0.1.0",
  "lockfileVersion": 3,
  "requires": true,
  "packages": {
    "": {
      "name": "shotgun-cli",
      "version": "0.1.0",
      "cpu": [
        "x64",
        "arm64"
      ],
      "hasInstallScript": true,
      "license": "MIT",
      "os": [
        "darwin",
        "linux",
        "win32"
      ],
      "bin": {
        "shotgun-cli": "bin/shotgun-cli"
      },
      "engines": {
        "node": ">=14.0.0"
      }
    }
  }
}
